lockfileVersion: '9.0'

settings:
  autoInstallPeers: true
  excludeLinksFromLockfile: false

importers:

  .:
    dependencies:
      '@bufbuild/protobuf':
        specifier: 2.15.0
        version: 2.15.0
      '@connectrpc/connect':
        specifier: 2.2.0
        version: 2.2.0(@bufbuild/protobuf@2.15.0)
      '@connectrpc/connect-node':
        specifier: 2.2.0
        version: 2.2.0(@bufbuild/protobuf@2.15.0)(@connectrpc/connect@2.2.0(@bufbuild/protobuf@2.15.0))
    devDependencies:
      '@bufbuild/protoc-gen-es':
        specifier: 2.15.0
        version: 2.15.0(@bufbuild/protobuf@2.15.0)
      '@types/node':
        specifier: 24.10.1
        version: 24.10.1
      typescript:
        specifier: 5.9.3
        version: 5.9.3

packages:

  '@bufbuild/protobuf@2.15.0':
    resolution: {integrity: sha512-DAheWUkVr/SJTWCc+lg9dhY0eN4SaWlf4+bG1KzHeXbnqt0AfB/NX0Z+VunGlM1ki1B4zVvye27MpKh/svySUA==}

  '@bufbuild/protoc-gen-es@2.15.0':
    resolution: {integrity: sha512-FRhNTAZEXW6arWx2JxgtpuazhmewYctXugu5SfXGpXpLLCInDT1005fSKDzEM/70Es2oIn07PM4RvpwvDvR/fg==}
    engines: {node: '>=22'}
    hasBin: true
    peerDependencies:
      '@bufbuild/protobuf': 2.15.0
    peerDependenciesMeta:
      '@bufbuild/protobuf':
        optional: true

  '@bufbuild/protoplugin@2.15.0':
    resolution: {integrity: sha512-vZhRoqB/jTHATqItRvJQf1zbxdrGRRhiusGty4+lKcfEFODG0PMXky2Ezv4WHHS6oSxq+5qShITuE7K1/82SuQ==}

  '@connectrpc/connect-node@2.2.0':
    resolution: {integrity: sha512-E6uUO6e11WdynAuBjuN+0WpHjqxEM9BNDdfDIJHcn49Esg/WxSIbn2y1KFt9XL96IJi01qdBbvubcdpBz1X3Zw==}
    engines: {node: '>=22'}
    peerDependencies:
      '@bufbuild/protobuf': ^2.7.0
      '@connectrpc/connect': 2.2.0

  '@connectrpc/connect@2.2.0':
    resolution: {integrity: sha512-M63OQ1ZFcPUm85CuewJ9G9CMV8LjzGR9935xOnXNQGSazAbwMb3x2W7vXBYM1zqrP7XFD8uxp/dUAhirclgwnQ==}
    peerDependencies:
      '@bufbuild/protobuf': ^2.7.0

  '@types/node@24.10.1':
    resolution: {integrity: sha512-GNWcUTRBgIRJD5zj+Tq0fKOJ5XZajIiBroOF0yvj2bSU1WvNdYS/dn9UxwsujGW4JX06dnHyjV2y9rRaybH0iQ==}

  '@typescript/vfs@1.6.4':
    resolution: {integrity: sha512-PJFXFS4ZJKiJ9Qiuix6Dz/OwEIqHD7Dme1UwZhTK11vR+5dqW2ACbdndWQexBzCx+CPuMe5WBYQWCsFyGlQLlQ==}
    peerDependencies:
      typescript: '*'

  debug@4.4.3:
    resolution: {integrity: sha512-RGwwWnwQvkVfavKVt22FGLw+xYSdzARwm0ru6DhTVA3umU5hZc28V3kO4stgYryrTlLpuvgI9GiijltAjNbcqA==}
    engines: {node: '>=6.0'}
    peerDependencies:
      supports-color: '*'
    peerDependenciesMeta:
      supports-color:
        optional: true

  ms@2.1.3:
    resolution: {integrity: sha512-6FlzubTLZG3J2a/NVCAleEhjzq5oxgHyaCU9yYXvcLsvoVaHJq/s5xXI6/XXP6tz7R9xAOtHnSO/tXtF3WRTlA==}

  typescript@5.4.5:
    resolution: {integrity: sha512-vcI4UpRgg81oIRUFwR0WSIHKt11nJ7SAVlYNIu+QpqeyXP+gpQJy/Z4+F0aGxSE4MqwjyXvW/TzgkLAx2AGHwQ==}
    engines: {node: '>=14.17'}
    hasBin: true

  typescript@5.9.3:
    resolution: {integrity: sha512-jl1vZzPDinLr9eUt3J/t7V6FgNEw9QjvBPdysz9KfQDD41fQrC2Y4vKQdiaUpFT4bXlb1RHhLpp8wtm6M5TgSw==}
    engines: {node: '>=14.17'}
    hasBin: true

  undici-types@7.16.0:
    resolution: {integrity: sha512-Zz+aZWSj8LE6zoxD+xrjh4VfkIG8Ya6LvYkZqtUQGJPZjYl53ypCaUwWqo7eI0x66KBGeRo+mlBEkMSeSZ38Nw==}

snapshots:

  '@bufbuild/protobuf@2.15.0': {}

  '@bufbuild/protoc-gen-es@2.15.0(@bufbuild/protobuf@2.15.0)':
    dependencies:
      '@bufbuild/protoplugin': 2.15.0
    optionalDependencies:
      '@bufbuild/protobuf': 2.15.0
    transitivePeerDependencies:
      - supports-color

  '@bufbuild/protoplugin@2.15.0':
    dependencies:
      '@bufbuild/protobuf': 2.15.0
      '@typescript/vfs': 1.6.4(typescript@5.4.5)
      typescript: 5.4.5
    transitivePeerDependencies:
      - supports-color

  '@connectrpc/connect-node@2.2.0(@bufbuild/protobuf@2.15.0)(@connectrpc/connect@2.2.0(@bufbuild/protobuf@2.15.0))':
    dependencies:
      '@bufbuild/protobuf': 2.15.0
      '@connectrpc/connect': 2.2.0(@bufbuild/protobuf@2.15.0)

  '@connectrpc/connect@2.2.0(@bufbuild/protobuf@2.15.0)':
    dependencies:
      '@bufbuild/protobuf': 2.15.0

  '@types/node@24.10.1':
    dependencies:
      undici-types: 7.16.0

  '@typescript/vfs@1.6.4(typescript@5.4.5)':
    dependencies:
      debug: 4.4.3
      typescript: 5.4.5
    transitivePeerDependencies:
      - supports-color

  debug@4.4.3:
    dependencies:
      ms: 2.1.3

  ms@2.1.3: {}

  typescript@5.4.5: {}

  typescript@5.9.3: {}

  undici-types@7.16.0: {}
